// !$*UTF8*$!
{
	archiveVersion = 1;
	classes = {
	};
	objectVersion = 50;
	objects = {

/* Begin PBXBuildFile section */
		AB33097123310CD2007C8988 /* ViewController2.swift in Sources */ = {isa = PBXBuildFile; fileRef = AB33097023310CD2007C8988 /* ViewController2.swift */; };
		ABFEE6922330F7E200CC4E66 /* AppDelegate.swift in Sources */ = {isa = PBXBuildFile; fileRef = ABFEE6912330F7E200CC4E66 /* AppDelegate.swift */; };
		ABFEE6942330F7E200CC4E66 /* ViewController.swift in Sources */ = {isa = PBXBuildFile; fileRef = ABFEE6932330F7E200CC4E66 /* ViewController.swift */; };
		ABFEE6972330F7E200CC4E66 /* Main.storyboard in Resources */ = {isa = PBXBuildFile; fileRef = ABFEE6952330F7E200CC4E66 /* Main.storyboard */; };
		ABFEE6992330F7E300CC4E66 /* Assets.xcassets in Resources */ = {isa = PBXBuildFile; fileRef = ABFEE6982330F7E300CC4E66 /* Assets.xcassets */; };
		ABFEE69C2330F7E300CC4E66 /* LaunchScreen.storyboard in Resources */ = {isa = PBXBuildFile; fileRef = ABFEE69A2330F7E300CC4E66 /* LaunchScreen.storyboard */; };
		ABFEE6A72330F7E300CC4E66 /* T1Tests.swift in Sources */ = {isa = PBXBuildFile; fileRef = ABFEE6A62330F7E300CC4E66 /* T1Tests.swift */; };
		ABFEE6B22330F7E300CC4E66 /* T1UITests.swift in Sources */ = {isa = PBXBuildFile; fileRef = ABFEE6B12330F7E300CC4E66 /* T1UITests.swift */; };
/* End PBXBuildFile section */

/* Begin PBXContainerItemProxy section */
		ABFEE6A32330F7E300CC4E66 /* PBXContainerItemProxy */ = {
			isa = PBXContainerItemProxy;
			containerPortal = ABFEE6862330F7E200CC4E66 /* Project object */;
			proxyType = 1;
			remoteGlobalIDString = ABFEE68D2330F7E200CC4E66;
			remoteInfo = T1;
		};
		ABFEE6AE2330F7E300CC4E66 /* PBXContainerItemProxy */ = {
			isa = PBXContainerItemProxy;
			containerPortal = ABFEE6862330F7E200CC4E66 /* Project object */;
			proxyType = 1;
			remoteGlobalIDString = ABFEE68D2330F7E200CC4E66;
			remoteInfo = T1;
		};
/* End PBXContainerItemProxy section */

/* Begin PBXFileReference section */
		AB33097023310CD2007C8988 /* ViewController2.swift */ = {isa = PBXFileReference; lastKnownFileType = sourcecode.swift; path = ViewController2.swift; sourceTree = "<group>"; };
		ABFEE68E2330F7E200CC4E66 /* T1.app */ = {isa = PBXFileReference; explicitFileType = wrapper.application; includeInIndex = 0; path = T1.app; sourceTree = BUILT_PRODUCTS_DIR; };
		ABFEE6912330F7E200CC4E66 /* AppDelegate.swift */ = {isa = PBXFileReference; lastKnownFileType = sourcecode.swift; path = AppDelegate.swift; sourceTree = "<group>"; };
		ABFEE6932330F7E200CC4E66 /* ViewController.swift */ = {isa = PBXFileReference; lastKnownFileType = sourcecode.swift; path = ViewController.swift; sourceTree = "<group>"; };
		ABFEE6962330F7E200CC4E66 /* Base */ = {isa = PBXFileReference; lastKnownFileType = file.storyboard; name = Base; path = Base.lproj/Main.storyboard; sourceTree = "<group>"; };
		ABFEE6982330F7E300CC4E66 /* Assets.xcassets */ = {isa = PBXFileReference; lastKnownFileType = folder.assetcatalog; path = Assets.xcassets; sourceTree = "<group>"; };
		ABFEE69B2330F7E300CC4E66 /* Base */ = {isa = PBXFileReference; lastKnownFileType = file.storyboard; name = Base; path = Base.lproj/LaunchScreen.storyboard; sourceTree = "<group>"; };
		ABFEE69D2330F7E300CC4E66 /* Info.plist */ = {isa = PBXFileReference; lastKnownFileType = text.plist.xml; path = Info.plist; sourceTree = "<group>"; };
		ABFEE6A22330F7E300CC4E66 /* T1Tests.xctest */ = {isa = PBXFileReference; explicitFileType = wrapper.cfbundle; includeInIndex = 0; path = T1Tests.xctest; sourceTree = BUILT_PRODUCTS_DIR; };
		ABFEE6A62330F7E300CC4E66 /* T1Tests.swift */ = {isa = PBXFileReference; lastKnownFileType = sourcecode.swift; path = T1Tests.swift; sourceTree = "<group>"; };
		ABFEE6A82330F7E300CC4E66 /* Info.plist */ = {isa = PBXFileReference; lastKnownFileType = text.plist.xml; path = Info.plist; sourceTree = "<group>"; };
		ABFEE6AD2330F7E300CC4E66 /* T1UITests.xctest */ = {isa = PBXFileReference; explicitFileType = wrapper.cfbundle; includeInIndex = 0; path = T1UITests.xctest; sourceTree = BUILT_PRODUCTS_DIR; };
		ABFEE6B12330F7E300CC4E66 /* T1UITests.swift */ = {isa = PBXFileReference; lastKnownFileType = sourcecode.swift; path = T1UITests.swift; sourceTree = "<group>"; };
		ABFEE6B32330F7E300CC4E66 /* Info.plist */ = {isa = PBXFileReference; lastKnownFileType = text.plist.xml; path = Info.plist; sourceTree = "<group>"; };
/* End PBXFileReference section */

/* Begin PBXFrameworksBuildPhase section */
		ABFEE68B2330F7E200CC4E66 /* Frameworks */ = {
			isa = PBXFrameworksBuildPhase;
			buildActionMask = 2147483647;
			files = (
			);
			runOnlyForDeploymentPostprocessing = 0;
		};
		ABFEE69F2330F7E300CC4E66 /* Frameworks */ = {
			isa = PBXFrameworksBuildPhase;
			buildActionMask = 2147483647;
			files = (
			);
			runOnlyForDeploymentPostprocessing = 0;
		};
		ABFEE6AA2330F7E300CC4E66 /* Frameworks */ = {
			isa = PBXFrameworksBuildPhase;
			buildActionMask = 2147483647;
			files = (
			);
			runOnlyForDeploymentPostprocessing = 0;
		};
/* End PBXFrameworksBuildPhase section */

/* Begin PBXGroup section */
		ABFEE6852330F7E200CC4E66 = {
			isa = PBXGroup;
			children = (
				ABFEE6902330F7E200CC4E66 /* T1 */,
				ABFEE6A52330F7E300CC4E66 /* T1Tests */,
				ABFEE6B02330F7E300CC4E66 /* T1UITests */,
				ABFEE68F2330F7E200CC4E66 /* Products */,
			);
			sourceTree = "<group>";
		};
		ABFEE68F2330F7E200CC4E66 /* Products */ = {
			isa = PBXGroup;
			children = (
				ABFEE68E2330F7E200CC4E66 /* T1.app */,
				ABFEE6A22330F7E300CC4E66 /* T1Tests.xctest */,
				ABFEE6AD2330F7E300CC4E66 /* T1UITests.xctest */,
			);
			name = Products;
			sourceTree = "<group>";
		};
		ABFEE6902330F7E200CC4E66 /* T1 */ = {
			isa = PBXGroup;
			children = (
				ABFEE6912330F7E200CC4E66 /* AppDelegate.swift */,
				ABFEE6932330F7E200CC4E66 /* ViewController.swift */,
				ABFEE6952330F7E200CC4E66 /* Main.storyboard */,
				ABFEE6982330F7E300CC4E66 /* Assets.xcassets */,
				ABFEE69A2330F7E300CC4E66 /* LaunchScreen.storyboard */,
				ABFEE69D2330F7E300CC4E66 /* Info.plist */,
				AB33097023310CD2007C8988 /* ViewController2.swift */,
			);
			path = T1;
			sourceTree = "<group>";
		};
		ABFEE6A52330F7E300CC4E66 /* T1Tests */ = {
			isa = PBXGroup;
			children = (
				ABFEE6A62330F7E300CC4E66 /* T1Tests.swift */,
				ABFEE6A82330F7E300CC4E66 /* Info.plist */,
			);
			path = T1Tests;
			sourceTree = "<group>";
		};
		ABFEE6B02330F7E300CC4E66 /* T1UITests */ = {
			isa = PBXGroup;
			children = (
				ABFEE6B12330F7E300CC4E66 /* T1UITests.swift */,
				ABFEE6B32330F7E300CC4E66 /* Info.plist */,
			);
			path = T1UITests;
			sourceTree = "<group>";
		};
/* End PBXGroup section */

/* Begin PBXNativeTarget section */
		ABFEE68D2330F7E200CC4E66 /* T1 */ = {
			isa = PBXNativeTarget;
			buildConfigurationList = ABFEE6B62330F7E300CC4E66 /* Build configuration list for PBXNativeTarget "T1" */;
			buildPhases = (
				ABFEE68A2330F7E200CC4E66 /* Sources */,
				ABFEE68B2330F7E200CC4E66 /* Frameworks */,
				ABFEE68C2330F7E200CC4E66 /* Resources */,
			);
			buildRules = (
			);
			dependencies = (
			);
			name = T1;
			productName = T1;
			productReference = ABFEE68E2330F7E200CC4E66 /* T1.app */;
			productType = "com.apple.product-type.application";
		};
		ABFEE6A12330F7E300CC4E66 /* T1Tests */ = {
			isa = PBXNativeTarget;
			buildConfigurationList = ABFEE6B92330F7E300CC4E66 /* Build configuration list for PBXNativeTarget "T1Tests" */;
			buildPhases = (
				ABFEE69E2330F7E300CC4E66 /* Sources */,
				ABFEE69F2330F7E300CC4E66 /* Frameworks */,
				ABFEE6A02330F7E300CC4E66 /* Resources */,
			);
			buildRules = (
			);
			dependencies = (
				ABFEE6A42330F7E300CC4E66 /* PBXTargetDependency */,
			);
			name = T1Tests;
			productName = T1Tests;
			productReference = ABFEE6A22330F7E300CC4E66 /* T1Tests.xctest */;
			productType = "com.apple.product-type.bundle.unit-test";
		};
		ABFEE6AC2330F7E300CC4E66 /* T1UITests */ = {
			isa = PBXNativeTarget;
			buildConfigurationList = ABFEE6BC2330F7E300CC4E66 /* Build configuration list for PBXNativeTarget "T1UITests" */;
			buildPhases = (
				ABFEE6A92330F7E300CC4E66 /* Sources */,
				ABFEE6AA2330F7E300CC4E66 /* Frameworks */,
				ABFEE6AB2330F7E300CC4E66 /* Resources */,
			);
			buildRules = (
			);
			dependencies = (
				ABFEE6AF2330F7E300CC4E66 /* PBXTargetDependency */,
			);
			name = T1UITests;
			productName = T1UITests;
			productReference = ABFEE6AD2330F7E300CC4E66 /* T1UITests.xctest */;
			productType = "com.apple.product-type.bundle.ui-testing";
		};
/* End PBXNativeTarget section */

/* Begin PBXProject section */
		ABFEE6862330F7E200CC4E66 /* Project object */ = {
			isa = PBXProject;
			attributes = {
				LastSwiftUpdateCheck = 1030;
				LastUpgradeCheck = 1030;
				ORGANIZATIONNAME = "Mikołajczyk Grzegorz";
				TargetAttributes = {
					ABFEE68D2330F7E200CC4E66 = {
						CreatedOnToolsVersion = 10.3;
					};
					ABFEE6A12330F7E300CC4E66 = {
						CreatedOnToolsVersion = 10.3;
						TestTargetID = ABFEE68D2330F7E200CC4E66;
					};
					ABFEE6AC2330F7E300CC4E66 = {
						CreatedOnToolsVersion = 10.3;
						TestTargetID = ABFEE68D2330F7E200CC4E66;
					};
				};
			};
			buildConfigurationList = ABFEE6892330F7E200CC4E66 /* Build configuration list for PBXProject "T1" */;
			compatibilityVersion = "Xcode 9.3";
			developmentRegion = en;
			hasScannedForEncodings = 0;
			knownRegions = (
				en,
				Base,
			);
			mainGroup = ABFEE6852330F7E200CC4E66;
			productRefGroup = ABFEE68F2330F7E200CC4E66 /* Products */;
			projectDirPath = "";
			projectRoot = "";
			targets = (
				ABFEE68D2330F7E200CC4E66 /* T1 */,
				ABFEE6A12330F7E300CC4E66 /* T1Tests */,
				ABFEE6AC2330F7E300CC4E66 /* T1UITests */,
			);
		};
/* End PBXProject section */

/* Begin PBXResourcesBuildPhase section */
		ABFEE68C2330F7E200CC4E66 /* Resources */ = {
			isa = PBXResourcesBuildPhase;
			buildActionMask = 2147483647;
			files = (
				ABFEE69C2330F7E300CC4E66 /* LaunchScreen.storyboard in Resources */,
				ABFEE6992330F7E300CC4E66 /* Assets.xcassets in Resources */,
				ABFEE6972330F7E200CC4E66 /* Main.storyboard in Resources */,
			);
			runOnlyForDeploymentPostprocessing = 0;
		};
		ABFEE6A02330F7E300CC4E66 /* Resources */ = {
			isa = PBXResourcesBuildPhase;
			buildActionMask = 2147483647;
			files = (
			);
			runOnlyForDeploymentPostprocessing = 0;
		};
		ABFEE6AB2330F7E300CC4E66 /* Resources */ = {
			isa = PBXResourcesBuildPhase;
			buildActionMask = 2147483647;
			files = (
			);
			runOnlyForDeploymentPostprocessing = 0;
		};
/* End PBXResourcesBuildPhase section */

/* Begin PBXSourcesBuildPhase section */
		ABFEE68A2330F7E200CC4E66 /* Sources */ = {
			isa = PBXSourcesBuildPhase;
			buildActionMask = 2147483647;
			files = (
				ABFEE6942330F7E200CC4E66 /* ViewController.swift in Sources */,
				ABFEE6922330F7E200CC4E66 /* AppDelegate.swift in Sources */,
				AB33097123310CD2007C8988 /* ViewController2.swift in Sources */,
			);
			runOnlyForDeploymentPostprocessing = 0;
		};
		ABFEE69E2330F7E300CC4E66 /* Sources */ = {
			isa = PBXSourcesBuildPhase;
			buildActionMask = 2147483647;
			files = (
				ABFEE6A72330F7E300CC4E66 /* T1Tests.swift in Sources */,
			);
			runOnlyForDeploymentPostprocessing = 0;
		};
		ABFEE6A92330F7E300CC4E66 /* Sources */ = {
			isa = PBXSourcesBuildPhase;
			buildActionMask = 2147483647;
			files = (
				ABFEE6B22330F7E300CC4E66 /* T1UITests.swift in Sources */,
			);
			runOnlyForDeploymentPostprocessing = 0;
		};
/* End PBXSourcesBuildPhase section */

/* Begin PBXTargetDependency section */
		ABFEE6A42330F7E300CC4E66 /* PBXTargetDependency */ = {
			isa = PBXTargetDependency;
			target = ABFEE68D2330F7E200CC4E66 /* T1 */;
			targetProxy = ABFEE6A32330F7E300CC4E66 /* PBXContainerItemProxy */;
		};
		ABFEE6AF2330F7E300CC4E66 /* PBXTargetDependency */ = {
			isa = PBXTargetDependency;
			target = ABFEE68D2330F7E200CC4E66 /* T1 */;
			targetProxy = ABFEE6AE2330F7E300CC4E66 /* PBXContainerItemProxy */;
		};
/* End PBXTargetDependency section */

/* Begin PBXVariantGroup section */
		ABFEE6952330F7E200CC4E66 /* Main.storyboard */ = {
			isa = PBXVariantGroup;
			children = (
				ABFEE6962330F7E200CC4E66 /* Base */,
			);
			name = Main.storyboard;
			sourceTree = "<group>";
		};
		ABFEE69A2330F7E300CC4E66 /* LaunchScreen.storyboard */ = {
			isa = PBXVariantGroup;
			children = (
				ABFEE69B2330F7E300CC4E66 /* Base */,
			);
			name = LaunchScreen.storyboard;
			sourceTree = "<group>";
		};
/* End PBXVariantGroup section */

/* Begin XCBuildConfiguration section */
		ABFEE6B42330F7E300CC4E66 /* Debug */ = {
			isa = XCBuildConfiguration;
			buildSettings = {
				ALWAYS_SEARCH_USER_PATHS = NO;
				CLANG_ANALYZER_NONNULL = YES;
				CLANG_ANALYZER_NUMBER_OBJECT_CONVERSION = YES_AGGRESSIVE;
				CLANG_CXX_LANGUAGE_STANDARD = "gnu++14";
				CLANG_CXX_LIBRARY = "libc++";
				CLANG_ENABLE_MODULES = YES;
				CLANG_ENABLE_OBJC_ARC = YES;
				CLANG_ENABLE_OBJC_WEAK = YES;
				CLANG_WARN_BLOCK_CAPTURE_AUTORELEASING = YES;
				CLANG_WARN_BOOL_CONVERSION = YES;
				CLANG_WARN_COMMA = YES;
				CLANG_WARN_CONSTANT_CONVERSION = YES;
				CLANG_WARN_DEPRECATED_OBJC_IMPLEMENTATIONS = YES;
				CLANG_WARN_DIRECT_OBJC_ISA_USAGE = YES_ERROR;
				CLANG_WARN_DOCUMENTATION_COMMENTS = YES;
				CLANG_WARN_EMPTY_BODY = YES;
				CLANG_WARN_ENUM_CONVERSION = YES;
				CLANG_WARN_INFINITE_RECURSION = YES;
				CLANG_WARN_INT_CONVERSION = YES;
				CLANG_WARN_NON_LITERAL_NULL_CONVERSION = YES;
				CLANG_WARN_OBJC_IMPLICIT_RETAIN_SELF = YES;
				CLANG_WARN_OBJC_LITERAL_CONVERSION = YES;
				CLANG_WARN_OBJC_ROOT_CLASS = YES_ERROR;
				CLANG_WARN_RANGE_LOOP_ANALYSIS = YES;
				CLANG_WARN_STRICT_PROTOTYPES = YES;
				CLANG_WARN_SUSPICIOUS_MOVE = YES;
				CLANG_WARN_UNGUARDED_AVAILABILITY = YES_AGGRESSIVE;
				CLANG_WARN_UNREACHABLE_CODE = YES;
				CLANG_WARN__DUPLICATE_METHOD_MATCH = YES;
				CODE_SIGN_IDENTITY = "iPhone Developer";
				COPY_PHASE_STRIP = NO;
				DEBUG_INFORMATION_FORMAT = dwarf;
				ENABLE_STRICT_OBJC_MSGSEND = YES;
				ENABLE_TESTABILITY = YES;
				GCC_C_LANGUAGE_STANDARD = gnu11;
				GCC_DYNAMIC_NO_PIC = NO;
				GCC_NO_COMMON_BLOCKS = YES;
				GCC_OPTIMIZATION_LEVEL = 0;
				GCC_PREPROCESSOR_DEFINITIONS = (
					"DEBUG=1",
					"$(inherited)",
				);
				GCC_WARN_64_TO_32_BIT_CONVERSION = YES;
				GCC_WARN_ABOUT_RETURN_TYPE = YES_ERROR;
				GCC_WARN_UNDECLARED_SELECTOR = YES;
				GCC_WARN_UNINITIALIZED_AUTOS = YES_AGGRESSIVE;
				GCC_WARN_UNUSED_FUNCTION = YES;
				GCC_WARN_UNUSED_VARIABLE = YES;
				IPHONEOS_DEPLOYMENT_TARGET = 12.4;
				MTL_ENABLE_DEBUG_INFO = INCLUDE_SOURCE;
				MTL_FAST_MATH = YES;
				ONLY_ACTIVE_ARCH = YES;
				SDKROOT = iphoneos;
				SWIFT_ACTIVE_COMPILATION_CONDITIONS = DEBUG;
				SWIFT_OPTIMIZATION_LEVEL = "-Onone";
			};
			name = Debug;
		};
		ABFEE6B52330F7E300CC4E66 /* Release */ = {
			isa = XCBuildConfiguration;
			buildSettings = {
				ALWAYS_SEARCH_USER_PATHS = NO;
				CLANG_ANALYZER_NONNULL = YES;
				CLANG_ANALYZER_NUMBER_OBJECT_CONVERSION = YES_AGGRESSIVE;
				CLANG_CXX_LANGUAGE_STANDARD = "gnu++14";
				CLANG_CXX_LIBRARY = "libc++";
				CLANG_ENABLE_MODULES = YES;
				CLANG_ENABLE_OBJC_ARC = YES;
				CLANG_ENABLE_OBJC_WEAK = YES;
				CLANG_WARN_BLOCK_CAPTURE_AUTORELEASING = YES;
				CLANG_WARN_BOOL_CONVERSION = YES;
				CLANG_WARN_COMMA = YES;
				CLANG_WARN_CONSTANT_CONVERSION = YES;
				CLANG_WARN_DEPRECATED_OBJC_IMPLEMENTATIONS = YES;
				CLANG_WARN_DIRECT_OBJC_ISA_USAGE = YES_ERROR;
				CLANG_WARN_DOCUMENTATION_COMMENTS = YES;
				CLANG_WARN_EMPTY_BODY = YES;
				CLANG_WARN_ENUM_CONVERSION = YES;
				CLANG_WARN_INFINITE_RECURSION = YES;
				CLANG_WARN_INT_CONVERSION = YES;
				CLANG_WARN_NON_LITERAL_NULL_CONVERSION = YES;
				CLANG_WARN_OBJC_IMPLICIT_RETAIN_SELF = YES;
				CLANG_WARN_OBJC_LITERAL_CONVERSION = YES;
				CLANG_WARN_OBJC_ROOT_CLASS = YES_ERROR;
				CLANG_WARN_RANGE_LOOP_ANALYSIS = YES;
				CLANG_WARN_STRICT_PROTOTYPES = YES;
				CLANG_WARN_SUSPICIOUS_MOVE = YES;
				CLANG_WARN_UNGUARDED_AVAILABILITY = YES_AGGRESSIVE;
				CLANG_WARN_UNREACHABLE_CODE = YES;
				CLANG_WARN__DUPLICATE_METHOD_MATCH = YES;
				CODE_SIGN_IDENTITY = "iPhone Developer";
				COPY_PHASE_STRIP = NO;
				DEBUG_INFORMATION_FORMAT = "dwarf-with-dsym";
				ENABLE_NS_ASSERTIONS = NO;
				ENABLE_STRICT_OBJC_MSGSEND = YES;
				GCC_C_LANGUAGE_STANDARD = gnu11;
				GCC_NO_COMMON_BLOCKS = YES;
				GCC_WARN_64_TO_32_BIT_CONVERSION = YES;
				GCC_WARN_ABOUT_RETURN_TYPE = YES_ERROR;
				GCC_WARN_UNDECLARED_SELECTOR = YES;
				GCC_WARN_UNINITIALIZED_AUTOS = YES_AGGRESSIVE;
				GCC_WARN_UNUSED_FUNCTION = YES;
				GCC_WARN_UNUSED_VARIABLE = YES;
				IPHONEOS_DEPLOYMENT_TARGET = 12.4;
				MTL_ENABLE_DEBUG_INFO = NO;
				MTL_FAST_MATH = YES;
				SDKROOT = iphoneos;
				SWIFT_COMPILATION_MODE = wholemodule;
				SWIFT_OPTIMIZATION_LEVEL = "-O";
				VALIDATE_PRODUCT = YES;
			};
			name = Release;
		};
		ABFEE6B72330F7E300CC4E66 /* Debug */ = {
			isa = XCBuildConfiguration;
			buildSettings = {
				ASSETCATALOG_COMPILER_APPICON_NAME = AppIcon;
				CODE_SIGN_STYLE = Automatic;
				DEVELOPMENT_TEAM = MFPFTNUL5V;
				INFOPLIST_FILE = T1/Info.plist;
				LD_RUNPATH_SEARCH_PATHS = (
					"$(inherited)",
					"@executable_path/Frameworks",
				);
				PRODUCT_BUNDLE_IDENTIFIER = GM.T1;
				PRODUCT_NAME = "$(TARGET_NAME)";
				SWIFT_VERSION = 5.0;
				TARGETED_DEVICE_FAMILY = "1,2";
			};
			name = Debug;
		};
		ABFEE6B82330F7E300CC4E66 /* Release */ = {
			isa = XCBuildConfiguration;
			buildSettings = {
				ASSETCATALOG_COMPILER_APPICON_NAME = AppIcon;
				CODE_SIGN_STYLE = Automatic;
				DEVELOPMENT_TEAM = MFPFTNUL5V;
				INFOPLIST_FILE = T1/Info.plist;
				LD_RUNPATH_SEARCH_PATHS = (
					"$(inherited)",
					"@executable_path/Frameworks",
				);
				PRODUCT_BUNDLE_IDENTIFIER = GM.T1;
				PRODUCT_NAME = "$(TARGET_NAME)";
				SWIFT_VERSION = 5.0;
				TARGETED_DEVICE_FAMILY = "1,2";
			};
			name = Release;
		};
		ABFEE6BA2330F7E300CC4E66 /* Debug */ = {
			isa = XCBuildConfiguration;
			buildSettings = {
				ALWAYS_EMBED_SWIFT_STANDARD_LIBRARIES = YES;
				BUNDLE_LOADER = "$(TEST_HOST)";
				CODE_SIGN_STYLE = Automatic;
				INFOPLIST_FILE = T1Tests/Info.plist;
				LD_RUNPATH_SEARCH_PATHS = (
					"$(inherited)",
					"@executable_path/Frameworks",
					"@loader_path/Frameworks",
				);
				PRODUCT_BUNDLE_IDENTIFIER = GM.T1Tests;
				PRODUCT_NAME = "$(TARGET_NAME)";
				SWIFT_VERSION = 5.0;
				TARGETED_DEVICE_FAMILY = "1,2";
				TEST_HOST = "$(BUILT_PRODUCTS_DIR)/T1.app/T1";
			};
			name = Debug;
		};
		ABFEE6BB2330F7E300CC4E66 /* Release */ = {
			isa = XCBuildConfiguration;
			buildSettings = {
				ALWAYS_EMBED_SWIFT_STANDARD_LIBRARIES = YES;
				BUNDLE_LOADER = "$(TEST_HOST)";
				CODE_SIGN_STYLE = Automatic;
				INFOPLIST_FILE = T1Tests/Info.plist;
				LD_RUNPATH_SEARCH_PATHS = (
					"$(inherited)",
					"@executable_path/Frameworks",
					"@loader_path/Frameworks",
				);
				PRODUCT_BUNDLE_IDENTIFIER = GM.T1Tests;
				PRODUCT_NAME = "$(TARGET_NAME)";
				SWIFT_VERSION = 5.0;
				TARGETED_DEVICE_FAMILY = "1,2";
				TEST_HOST = "$(BUILT_PRODUCTS_DIR)/T1.app/T1";
			};
			name = Release;
		};
		ABFEE6BD2330F7E300CC4E66 /* Debug */ = {
			isa = XCBuildConfiguration;
			buildSettings = {
				ALWAYS_EMBED_SWIFT_STANDARD_LIBRARIES = YES;
				CODE_SIGN_STYLE = Automatic;
				INFOPLIST_FILE = T1UITests/Info.plist;
				LD_RUNPATH_SEARCH_PATHS = (
					"$(inherited)",
					"@executable_path/Frameworks",
					"@loader_path/Frameworks",
				);
				PRODUCT_BUNDLE_IDENTIFIER = GM.T1UITests;
				PRODUCT_NAME = "$(TARGET_NAME)";
				SWIFT_VERSION = 5.0;
				TARGETED_DEVICE_FAMILY = "1,2";
				TEST_TARGET_NAME = T1;
			};
			name = Debug;
		};
		ABFEE6BE2330F7E300CC4E66 /* Release */ = {
			isa = XCBuildConfiguration;
			buildSettings = {
				ALWAYS_EMBED_SWIFT_STANDARD_LIBRARIES = YES;
				CODE_SIGN_STYLE = Automatic;
				INFOPLIST_FILE = T1UITests/Info.plist;
				LD_RUNPATH_SEARCH_PATHS = (
					"$(inherited)",
					"@executable_path/Frameworks",
					"@loader_path/Frameworks",
				);
				PRODUCT_BUNDLE_IDENTIFIER = GM.T1UITests;
				PRODUCT_NAME = "$(TARGET_NAME)";
				SWIFT_VERSION = 5.0;
				TARGETED_DEVICE_FAMILY = "1,2";
				TEST_TARGET_NAME = T1;
			};
			name = Release;
		};
/* End XCBuildConfiguration section */

/* Begin XCConfigurationList section */
		ABFEE6892330F7E200CC4E66 /* Build configuration list for PBXProject "T1" */ = {
			isa = XCConfigurationList;
			buildConfigurations = (
				ABFEE6B42330F7E300CC4E66 /* Debug */,
				ABFEE6B52330F7E300CC4E66 /* Release */,
			);
			defaultConfigurationIsVisible = 0;
			defaultConfigurationName = Release;
		};
		ABFEE6B62330F7E300CC4E66 /* Build configuration list for PBXNativeTarget "T1" */ = {
			isa = XCConfigurationList;
			buildConfigurations = (
				ABFEE6B72330F7E300CC4E66 /* Debug */,
				ABFEE6B82330F7E300CC4E66 /* Release */,
			);
			defaultConfigurationIsVisible = 0;
			defaultConfigurationName = Release;
		};
		ABFEE6B92330F7E300CC4E66 /* Build configuration list for PBXNativeTarget "T1Tests" */ = {
			isa = XCConfigurationList;
			buildConfigurations = (
				ABFEE6BA2330F7E300CC4E66 /* Debug */,
				ABFEE6BB2330F7E300CC4E66 /* Release */,
			);
			defaultConfigurationIsVisible = 0;
			defaultConfigurationName = Release;
		};
		ABFEE6BC2330F7E300CC4E66 /* Build configuration list for PBXNativeTarget "T1UITests" */ = {
			isa = XCConfigurationList;
			buildConfigurations = (
				ABFEE6BD2330F7E300CC4E66 /* Debug */,
				ABFEE6BE2330F7E300CC4E66 /* Release */,
			);
			defaultConfigurationIsVisible = 0;
			defaultConfigurationName = Release;
		};
/* End XCConfigurationList section */
	};
	rootObject = ABFEE6862330F7E200CC4E66 /* Project object */;
}
